
Microsoft Visual Studio Solution File, Format Version 12.00
# Visual Studio Version 16
VisualStudioVersion = 16.0.30621.155
MinimumVisualStudioVersion = 10.0.40219.1
Project("{8BC9CEB8-8B4A-11D0-8D11-00A0C91BC942}") = "TestDll", "TestDll\TestDll.vcxproj", "{17E5E32A-3333-435A-9999-83E71D1E731F}"
EndProject
Project("{8BC9CEB8-8B4A-11D0-8D11-00A0C91BC942}") = "ExecDll", "ExecDll\ExecDll.vcxproj", "{20D57F9C-03A7-4DF6-A49A-7D06D5039F4A}"
EndProject
Global
	GlobalSection(SolutionConfigurationPlatforms) = preSolution
		Debug|x64 = Debug|x64
		Debug|x86 = Debug|x86
		Release|x64 = Release|x64
		Release|x86 = Release|x86
	EndGlobalSection
	GlobalSection(ProjectConfigurationPlatforms) = postSolution
		{17E5E32A-3333-435A-9999-83E71D1E731F}.Debug|x64.ActiveCfg = Debug|x64
		{17E5E32A-3333-435A-9999-83E71D1E731F}.Debug|x64.Build.0 = Debug|x64
		{17E5E32A-3333-435A-9999-83E71D1E731F}.Debug|x86.ActiveCfg = Debug|Win32
		{17E5E32A-3333-435A-9999-83E71D1E731F}.Debug|x86.Build.0 = Debug|Win32
		{17E5E32A-3333-435A-9999-83E71D1E731F}.Release|x64.ActiveCfg = Release|x64
		{17E5E32A-3333-435A-9999-83E71D1E731F}.Release|x64.Build.0 = Release|x64
		{17E5E32A-3333-435A-9999-83E71D1E731F}.Release|x86.ActiveCfg = Release|Win32
		{17E5E32A-3333-435A-9999-83E71D1E731F}.Release|x86.Build.0 = Release|Win32
		{20D57F9C-03A7-4DF6-A49A-7D06D5039F4A}.Debug|x64.ActiveCfg = Debug|x64
		{20D57F9C-03A7-4DF6-A49A-7D06D5039F4A}.Debug|x64.Build.0 = Debug|x64
		{20D57F9C-03A7-4DF6-A49A-7D06D5039F4A}.Debug|x86.ActiveCfg = Debug|Win32
		{20D57F9C-03A7-4DF6-A49A-7D06D5039F4A}.Debug|x86.Build.0 = Debug|Win32
		{20D57F9C-03A7-4DF6-A49A-7D06D5039F4A}.Release|x64.ActiveCfg = Release|x64
		{20D57F9C-03A7-4DF6-A49A-7D06D5039F4A}.Release|x64.Build.0 = Release|x64
		{20D57F9C-03A7-4DF6-A49A-7D06D5039F4A}.Release|x86.ActiveCfg = Release|Win32
		{20D57F9C-03A7-4DF6-A49A-7D06D5039F4A}.Release|x86.Build.0 = Release|Win32
	EndGlobalSection
	GlobalSection(SolutionProperties) = preSolution
		HideSolutionNode = FALSE
	EndGlobalSection
	GlobalSection(ExtensibilityGlobals) = postSolution
		SolutionGuid = {5D2D73C8-6F5A-4D58-8DAA-2F8FD48A276C}
		VisualSVNWorkingCopyRoot = .
	EndGlobalSection
EndGlobal
